
Microsoft Visual Studio Solution File, Format Version 12.00
# Visual Studio Version 16
VisualStudioVersion = 16.0.29709.97
MinimumVisualStudioVersion = 10.0.40219.1
Project("{FAE04EC0-301F-11D3-BF4B-00C04F79EFBC}") = "Planetbase.Server", "Planetbase.Server\Planetbase.Server.csproj", "{868E9A60-1AB3-4311-8BD9-107A80E6752B}"
EndProject
Global
	GlobalSection(SolutionConfigurationPlatforms) = preSolution
		Debug|Any CPU = Debug|Any CPU
		Release|Any CPU = Release|Any CPU
	EndGlobalSection
	GlobalSection(ProjectConfigurationPlatforms) = postSolution
		{868E9A60-1AB3-4311-8BD9-107A80E6752B}.Debug|Any CPU.ActiveCfg = Debug|Any CPU
		{868E9A60-1AB3-4311-8BD9-107A80E6752B}.Debug|Any CPU.Build.0 = Debug|Any CPU
		{868E9A60-1AB3-4311-8BD9-107A80E6752B}.Release|Any CPU.ActiveCfg = Release|Any CPU
		{868E9A60-1AB3-4311-8BD9-107A80E6752B}.Release|Any CPU.Build.0 = Release|Any CPU
	EndGlobalSection
	GlobalSection(SolutionProperties) = preSolution
		HideSolutionNode = FALSE
	EndGlobalSection
	GlobalSection(ExtensibilityGlobals) = postSolution
		SolutionGuid = {D7862090-4829-4138-83C5-5FDF8B7128F3}
	EndGlobalSection
EndGlobal
